
Microsoft Visual Studio Solution File, Format Version 12.00
# Visual Studio Version 17
VisualStudioVersion = 17.6.33712.159
MinimumVisualStudioVersion = 10.0.40219.1
Project("{FAE04EC0-301F-11D3-BF4B-00C04F79EFBC}") = "ProgressiveWasm", "ProgressiveWasm\ProgressiveWasm.csproj", "{2EB59397-437D-4D78-9481-3B5F30D1A623}"
EndProject
Global
	GlobalSection(SolutionConfigurationPlatforms) = preSolution
		Debug|Any CPU = Debug|Any CPU
		Release|Any CPU = Release|Any CPU
	EndGlobalSection
	GlobalSection(ProjectConfigurationPlatforms) = postSolution
		{2EB59397-437D-4D78-9481-3B5F30D1A623}.Debug|Any CPU.ActiveCfg = Debug|Any CPU
		{2EB59397-437D-4D78-9481-3B5F30D1A623}.Debug|Any CPU.Build.0 = Debug|Any CPU
		{2EB59397-437D-4D78-9481-3B5F30D1A623}.Release|Any CPU.ActiveCfg = Release|Any CPU
		{2EB59397-437D-4D78-9481-3B5F30D1A623}.Release|Any CPU.Build.0 = Release|Any CPU
	EndGlobalSection
	GlobalSection(SolutionProperties) = preSolution
		HideSolutionNode = FALSE
	EndGlobalSection
	GlobalSection(ExtensibilityGlobals) = postSolution
		SolutionGuid = {89B57CC5-930D-4FA9-943D-F69A764E84B1}
	EndGlobalSection
EndGlobal
